{
  "name": "npm-link-example",
  "version": "1.0.0",
  "lockfileVersion": 3,
  "requires": true,
  "packages": {
    "": {
      "name": "npm-link-example",
      "version": "1.0.0",
      "license": "ISC"
    },
    "../get-subtract-test": {
      "version": "1.0.2",
      "extraneous": true,
      "license": "ISC"
    }
  }
}
